{
    "_readme": [
        "This file locks the dependencies of your project to a known state",
        "Read more about it at https://getcomposer.org/doc/01-basic-usage.md#composer-lock-the-lock-file",
        "This file is @generated automatically"
    ],
    "content-hash": "79240099cae78c3cf4be82edf43ec50b",
    "packages": [
        {
            "name": "roomify/bat",
            "version": "1.1.0",
            "source": {
                "type": "git",
                "url": "https://github.com/Roomify/bat.git",
                "reference": "524356064f54e16e01d4fb2e7573e21d345935f1"
            },
            "dist": {
                "type": "zip",
                "url": "https://api.github.com/repos/Roomify/bat/zipball/524356064f54e16e01d4fb2e7573e21d345935f1",
                "reference": "524356064f54e16e01d4fb2e7573e21d345935f1",
                "shasum": ""
            },
            "require": {
                "php": ">=5.4.0"
            },
            "require-dev": {
                "phpunit/dbunit": ">=1.2",
                "phpunit/phpunit": "4.*",
                "scrutinizer/ocular": "~1.1",
                "squizlabs/php_codesniffer": "~3.*"
            },
            "type": "library",
            "autoload": {
                "psr-4": {
                    "Roomify\\Bat\\": "src"
                }
            },
            "notification-url": "https://packagist.org/downloads/",
            "license": [
                "MIT"
            ],
            "authors": [
                {
                    "name": "Roomify",
                    "email": "hello@roomify.us",
                    "homepage": "https://roomify.us",
                    "role": "Developing Organization"
                }
            ],
            "description": "A booking and availability management library",
            "homepage": "https://github.com/roomify/bat",
            "keywords": [
                "availability management",
                "bat",
                "booking",
                "booking engine",
                "reservations",
                "roomify",
                "sharing economy"
            ],
            "time": "2016-12-18T08:31:11+00:00"
        },
        {
            "name": "sensiolabs/security-checker",
            "version": "v4.0.1",
            "source": {
                "type": "git",
                "url": "https://github.com/sensiolabs/security-checker.git",
                "reference": "f2ce0035fc512287978510ca1740cd111d60f89f"
            },
            "dist": {
                "type": "zip",
                "url": "https://api.github.com/repos/sensiolabs/security-checker/zipball/f2ce0035fc512287978510ca1740cd111d60f89f",
                "reference": "f2ce0035fc512287978510ca1740cd111d60f89f",
                "shasum": ""
            },
            "require": {
                "symfony/console": "~2.7|~3.0"
            },
            "bin": [
                "security-checker"
            ],
            "type": "library",
            "extra": {
                "branch-alias": {
                    "dev-master": "4.0-dev"
                }
            },
            "autoload": {
                "psr-0": {
                    "SensioLabs\\Security": ""
                }
            },
            "notification-url": "https://packagist.org/downloads/",
            "license": [
                "MIT"
            ],
            "authors": [
                {
                    "name": "Fabien Potencier",
                    "email": "fabien.potencier@gmail.com"
                }
            ],
            "description": "A security checker for your composer.lock",
            "time": "2017-02-18T17:53:25+00:00"
        },
        {
            "name": "symfony/console",
            "version": "v2.7.0",
            "source": {
                "type": "git",
                "url": "https://github.com/symfony/console.git",
                "reference": "7f0bec04961c61c961df0cb8c2ae88dbfd83f399"
            },
            "dist": {
                "type": "zip",
                "url": "https://api.github.com/repos/symfony/console/zipball/7f0bec04961c61c961df0cb8c2ae88dbfd83f399",
                "reference": "7f0bec04961c61c961df0cb8c2ae88dbfd83f399",
                "shasum": ""
            },
            "require": {
                "php": ">=5.3.9"
            },
            "require-dev": {
                "psr/log": "~1.0",
                "symfony/event-dispatcher": "~2.1",
                "symfony/phpunit-bridge": "~2.7",
                "symfony/process": "~2.1"
            },
            "suggest": {
                "psr/log": "For using the console logger",
                "symfony/event-dispatcher": "",
                "symfony/process": ""
            },
            "type": "library",
            "extra": {
                "branch-alias": {
                    "dev-master": "2.7-dev"
                }
            },
            "autoload": {
                "psr-4": {
                    "Symfony\\Component\\Console\\": ""
                }
            },
            "notification-url": "https://packagist.org/downloads/",
            "license": [
                "MIT"
            ],
            "authors": [
                {
                    "name": "Fabien Potencier",
                    "email": "fabien@symfony.com"
                },
                {
                    "name": "Symfony Community",
                    "homepage": "https://symfony.com/contributors"
                }
            ],
            "description": "Symfony Console Component",
            "homepage": "https://symfony.com",
            "time": "2015-05-29T16:22:24+00:00"
        }
    ],
    "packages-dev": [],
    "aliases": [],
    "minimum-stability": "stable",
    "stability-flags": [],
    "prefer-stable": false,
    "prefer-lowest": false,
    "platform": [],
    "platform-dev": []
}
